{
  "pins" : [
    {
      "identity" : "swiftsdl",
      "kind" : "remoteSourceControl",
      "location" : "https://github.com/euxaristia/SwiftSDL.git",
      "state" : {
        "revision" : "70bfb9b7a6d81de2bba46b8e9572089056480ecf",
        "version" : "1.0.27"
      }
    }
  ],
  "version" : 2
}